
Microsoft Visual Studio Solution File, Format Version 12.00
# Visual Studio Version 17
VisualStudioVersion = 17.6.33712.159
MinimumVisualStudioVersion = 10.0.40219.1
Project("{FAE04EC0-301F-11D3-BF4B-00C04F79EFBC}") = "RPEFluentManager", "RPEFluentManager.csproj", "{94017B6C-3647-4ABD-868F-5986E5BA1D3F}"
EndProject
Global
	GlobalSection(SolutionConfigurationPlatforms) = preSolution
		Debug|Any CPU = Debug|Any CPU
		Release|Any CPU = Release|Any CPU
	EndGlobalSection
	GlobalSection(ProjectConfigurationPlatforms) = postSolution
		{94017B6C-3647-4ABD-868F-5986E5BA1D3F}.Debug|Any CPU.ActiveCfg = Debug|Any CPU
		{94017B6C-3647-4ABD-868F-5986E5BA1D3F}.Debug|Any CPU.Build.0 = Debug|Any CPU
		{94017B6C-3647-4ABD-868F-5986E5BA1D3F}.Release|Any CPU.ActiveCfg = Release|Any CPU
		{94017B6C-3647-4ABD-868F-5986E5BA1D3F}.Release|Any CPU.Build.0 = Release|Any CPU
	EndGlobalSection
	GlobalSection(SolutionProperties) = preSolution
		HideSolutionNode = FALSE
	EndGlobalSection
	GlobalSection(ExtensibilityGlobals) = postSolution
		SolutionGuid = {1E979129-CB8C-4B0E-B5A1-A3E817575E55}
	EndGlobalSection
EndGlobal
